
Microsoft Visual Studio Solution File, Format Version 12.00
# Visual Studio 15
VisualStudioVersion = 15.0.27130.2020
MinimumVisualStudioVersion = 10.0.40219.1
Project("{FAE04EC0-301F-11D3-BF4B-00C04F79EFBC}") = "FarmaciaA", "FarmaciaA\FarmaciaA.csproj", "{F78E2EA5-D3AB-46FF-86AE-1A30A6F8EB13}"
EndProject
Global
	GlobalSection(SolutionConfigurationPlatforms) = preSolution
		Debug|Any CPU = Debug|Any CPU
		Release|Any CPU = Release|Any CPU
	EndGlobalSection
	GlobalSection(ProjectConfigurationPlatforms) = postSolution
		{F78E2EA5-D3AB-46FF-86AE-1A30A6F8EB13}.Debug|Any CPU.ActiveCfg = Debug|Any CPU
		{F78E2EA5-D3AB-46FF-86AE-1A30A6F8EB13}.Debug|Any CPU.Build.0 = Debug|Any CPU
		{F78E2EA5-D3AB-46FF-86AE-1A30A6F8EB13}.Release|Any CPU.ActiveCfg = Release|Any CPU
		{F78E2EA5-D3AB-46FF-86AE-1A30A6F8EB13}.Release|Any CPU.Build.0 = Release|Any CPU
	EndGlobalSection
	GlobalSection(SolutionProperties) = preSolution
		HideSolutionNode = FALSE
	EndGlobalSection
	GlobalSection(ExtensibilityGlobals) = postSolution
		SolutionGuid = {4655AF01-7B03-472D-998D-000BD6DEF20F}
	EndGlobalSection
EndGlobal
